
Microsoft Visual Studio Solution File, Format Version 12.00
# Visual Studio Version 17
VisualStudioVersion = 17.0.31903.59
MinimumVisualStudioVersion = 10.0.40219.1
Project("{2150E333-8FDC-42A3-9474-1A3956D46DE8}") = "src", "src", "{827E0CD3-B72D-47B6-A68D-7590B98EB39B}"
EndProject
Project("{FAE04EC0-301F-11D3-BF4B-00C04F79EFBC}") = "Despacho.Core", "src\Despacho.Core\Despacho.Core.csproj", "{4579E009-CA0E-4F17-AB08-9514F2E44618}"
EndProject
Project("{FAE04EC0-301F-11D3-BF4B-00C04F79EFBC}") = "Despacho.Negocio", "src\Despacho.Negocio\Despacho.Negocio.csproj", "{08936F9F-B859-4E46-911D-966CAD636B04}"
EndProject
Project("{FAE04EC0-301F-11D3-BF4B-00C04F79EFBC}") = "Despacho.Api", "src\Despacho.Api\Despacho.Api.csproj", "{52F7CAEB-92CE-4EAE-B6DB-DF34EC60FBAE}"
EndProject
Project("{FAE04EC0-301F-11D3-BF4B-00C04F79EFBC}") = "Despacho.EnviadorCorreos", "src\Despacho.EnviadorCorreos\Despacho.EnviadorCorreos.csproj", "{376E2DC4-D205-4D52-84E2-FA0D04130806}"
EndProject
Global
	GlobalSection(SolutionConfigurationPlatforms) = preSolution
		Debug|Any CPU = Debug|Any CPU
		Debug|x64 = Debug|x64
		Debug|x86 = Debug|x86
		Release|Any CPU = Release|Any CPU
		Release|x64 = Release|x64
		Release|x86 = Release|x86
	EndGlobalSection
	GlobalSection(ProjectConfigurationPlatforms) = postSolution
		{4579E009-CA0E-4F17-AB08-9514F2E44618}.Debug|Any CPU.ActiveCfg = Debug|Any CPU
		{4579E009-CA0E-4F17-AB08-9514F2E44618}.Debug|Any CPU.Build.0 = Debug|Any CPU
		{4579E009-CA0E-4F17-AB08-9514F2E44618}.Debug|x64.ActiveCfg = Debug|Any CPU
		{4579E009-CA0E-4F17-AB08-9514F2E44618}.Debug|x64.Build.0 = Debug|Any CPU
		{4579E009-CA0E-4F17-AB08-9514F2E44618}.Debug|x86.ActiveCfg = Debug|Any CPU
		{4579E009-CA0E-4F17-AB08-9514F2E44618}.Debug|x86.Build.0 = Debug|Any CPU
		{4579E009-CA0E-4F17-AB08-9514F2E44618}.Release|Any CPU.ActiveCfg = Release|Any CPU
		{4579E009-CA0E-4F17-AB08-9514F2E44618}.Release|Any CPU.Build.0 = Release|Any CPU
		{4579E009-CA0E-4F17-AB08-9514F2E44618}.Release|x64.ActiveCfg = Release|Any CPU
		{4579E009-CA0E-4F17-AB08-9514F2E44618}.Release|x64.Build.0 = Release|Any CPU
		{4579E009-CA0E-4F17-AB08-9514F2E44618}.Release|x86.ActiveCfg = Release|Any CPU
		{4579E009-CA0E-4F17-AB08-9514F2E44618}.Release|x86.Build.0 = Release|Any CPU
		{08936F9F-B859-4E46-911D-966CAD636B04}.Debug|Any CPU.ActiveCfg = Debug|Any CPU
		{08936F9F-B859-4E46-911D-966CAD636B04}.Debug|Any CPU.Build.0 = Debug|Any CPU
		{08936F9F-B859-4E46-911D-966CAD636B04}.Debug|x64.ActiveCfg = Debug|Any CPU
		{08936F9F-B859-4E46-911D-966CAD636B04}.Debug|x64.Build.0 = Debug|Any CPU
		{08936F9F-B859-4E46-911D-966CAD636B04}.Debug|x86.ActiveCfg = Debug|Any CPU
		{08936F9F-B859-4E46-911D-966CAD636B04}.Debug|x86.Build.0 = Debug|Any CPU
		{08936F9F-B859-4E46-911D-966CAD636B04}.Release|Any CPU.ActiveCfg = Release|Any CPU
		{08936F9F-B859-4E46-911D-966CAD636B04}.Release|Any CPU.Build.0 = Release|Any CPU
		{08936F9F-B859-4E46-911D-966CAD636B04}.Release|x64.ActiveCfg = Release|Any CPU
		{08936F9F-B859-4E46-911D-966CAD636B04}.Release|x64.Build.0 = Release|Any CPU
		{08936F9F-B859-4E46-911D-966CAD636B04}.Release|x86.ActiveCfg = Release|Any CPU
		{08936F9F-B859-4E46-911D-966CAD636B04}.Release|x86.Build.0 = Release|Any CPU
		{52F7CAEB-92CE-4EAE-B6DB-DF34EC60FBAE}.Debug|Any CPU.ActiveCfg = Debug|Any CPU
		{52F7CAEB-92CE-4EAE-B6DB-DF34EC60FBAE}.Debug|Any CPU.Build.0 = Debug|Any CPU
		{52F7CAEB-92CE-4EAE-B6DB-DF34EC60FBAE}.Debug|x64.ActiveCfg = Debug|Any CPU
		{52F7CAEB-92CE-4EAE-B6DB-DF34EC60FBAE}.Debug|x64.Build.0 = Debug|Any CPU
		{52F7CAEB-92CE-4EAE-B6DB-DF34EC60FBAE}.Debug|x86.ActiveCfg = Debug|Any CPU
		{52F7CAEB-92CE-4EAE-B6DB-DF34EC60FBAE}.Debug|x86.Build.0 = Debug|Any CPU
		{52F7CAEB-92CE-4EAE-B6DB-DF34EC60FBAE}.Release|Any CPU.ActiveCfg = Release|Any CPU
		{52F7CAEB-92CE-4EAE-B6DB-DF34EC60FBAE}.Release|Any CPU.Build.0 = Release|Any CPU
		{52F7CAEB-92CE-4EAE-B6DB-DF34EC60FBAE}.Release|x64.ActiveCfg = Release|Any CPU
		{52F7CAEB-92CE-4EAE-B6DB-DF34EC60FBAE}.Release|x64.Build.0 = Release|Any CPU
		{52F7CAEB-92CE-4EAE-B6DB-DF34EC60FBAE}.Release|x86.ActiveCfg = Release|Any CPU
		{52F7CAEB-92CE-4EAE-B6DB-DF34EC60FBAE}.Release|x86.Build.0 = Release|Any CPU
		{376E2DC4-D205-4D52-84E2-FA0D04130806}.Debug|Any CPU.ActiveCfg = Debug|Any CPU
		{376E2DC4-D205-4D52-84E2-FA0D04130806}.Debug|Any CPU.Build.0 = Debug|Any CPU
		{376E2DC4-D205-4D52-84E2-FA0D04130806}.Debug|x64.ActiveCfg = Debug|Any CPU
		{376E2DC4-D205-4D52-84E2-FA0D04130806}.Debug|x64.Build.0 = Debug|Any CPU
		{376E2DC4-D205-4D52-84E2-FA0D04130806}.Debug|x86.ActiveCfg = Debug|Any CPU
		{376E2DC4-D205-4D52-84E2-FA0D04130806}.Debug|x86.Build.0 = Debug|Any CPU
		{376E2DC4-D205-4D52-84E2-FA0D04130806}.Release|Any CPU.ActiveCfg = Release|Any CPU
		{376E2DC4-D205-4D52-84E2-FA0D04130806}.Release|Any CPU.Build.0 = Release|Any CPU
		{376E2DC4-D205-4D52-84E2-FA0D04130806}.Release|x64.ActiveCfg = Release|Any CPU
		{376E2DC4-D205-4D52-84E2-FA0D04130806}.Release|x64.Build.0 = Release|Any CPU
		{376E2DC4-D205-4D52-84E2-FA0D04130806}.Release|x86.ActiveCfg = Release|Any CPU
		{376E2DC4-D205-4D52-84E2-FA0D04130806}.Release|x86.Build.0 = Release|Any CPU
	EndGlobalSection
	GlobalSection(SolutionProperties) = preSolution
		HideSolutionNode = FALSE
	EndGlobalSection
	GlobalSection(NestedProjects) = preSolution
		{4579E009-CA0E-4F17-AB08-9514F2E44618} = {827E0CD3-B72D-47B6-A68D-7590B98EB39B}
		{08936F9F-B859-4E46-911D-966CAD636B04} = {827E0CD3-B72D-47B6-A68D-7590B98EB39B}
		{52F7CAEB-92CE-4EAE-B6DB-DF34EC60FBAE} = {827E0CD3-B72D-47B6-A68D-7590B98EB39B}
		{376E2DC4-D205-4D52-84E2-FA0D04130806} = {827E0CD3-B72D-47B6-A68D-7590B98EB39B}
	EndGlobalSection
EndGlobal
